
Microsoft Visual Studio Solution File, Format Version 12.00
# Visual Studio Version 17
VisualStudioVersion = 17.13.35818.85 d17.13
MinimumVisualStudioVersion = 10.0.40219.1
Project("{FAE04EC0-301F-11D3-BF4B-00C04F79EFBC}") = "CRUD_DEMO", "CRUD_DEMO.csproj", "{6CA9A868-0B54-4F90-A8D6-CBD1585CBE72}"
EndProject
Global
	GlobalSection(SolutionConfigurationPlatforms) = preSolution
		Debug|Any CPU = Debug|Any CPU
		Release|Any CPU = Release|Any CPU
	EndGlobalSection
	GlobalSection(ProjectConfigurationPlatforms) = postSolution
		{6CA9A868-0B54-4F90-A8D6-CBD1585CBE72}.Debug|Any CPU.ActiveCfg = Debug|Any CPU
		{6CA9A868-0B54-4F90-A8D6-CBD1585CBE72}.Debug|Any CPU.Build.0 = Debug|Any CPU
		{6CA9A868-0B54-4F90-A8D6-CBD1585CBE72}.Release|Any CPU.ActiveCfg = Release|Any CPU
		{6CA9A868-0B54-4F90-A8D6-CBD1585CBE72}.Release|Any CPU.Build.0 = Release|Any CPU
	EndGlobalSection
	GlobalSection(SolutionProperties) = preSolution
		HideSolutionNode = FALSE
	EndGlobalSection
	GlobalSection(ExtensibilityGlobals) = postSolution
		SolutionGuid = {AD3C8B67-909E-4E16-B8E6-0B2FDE42580D}
	EndGlobalSection
EndGlobal
